
Microsoft Visual Studio Solution File, Format Version 12.00
# Visual Studio Version 17
VisualStudioVersion = 17.5.33414.496
MinimumVisualStudioVersion = 10.0.40219.1
Project("{FAE04EC0-301F-11D3-BF4B-00C04F79EFBC}") = "my-first-spanner-connector", "my-first-spanner-connector\my-first-spanner-connector.csproj", "{939721BC-9599-48FC-B91E-ADA026050612}"
EndProject
Global
	GlobalSection(SolutionConfigurationPlatforms) = preSolution
		Debug|Any CPU = Debug|Any CPU
		Release|Any CPU = Release|Any CPU
	EndGlobalSection
	GlobalSection(ProjectConfigurationPlatforms) = postSolution
		{939721BC-9599-48FC-B91E-ADA026050612}.Debug|Any CPU.ActiveCfg = Debug|Any CPU
		{939721BC-9599-48FC-B91E-ADA026050612}.Debug|Any CPU.Build.0 = Debug|Any CPU
		{939721BC-9599-48FC-B91E-ADA026050612}.Release|Any CPU.ActiveCfg = Release|Any CPU
		{939721BC-9599-48FC-B91E-ADA026050612}.Release|Any CPU.Build.0 = Release|Any CPU
	EndGlobalSection
	GlobalSection(SolutionProperties) = preSolution
		HideSolutionNode = FALSE
	EndGlobalSection
	GlobalSection(ExtensibilityGlobals) = postSolution
		SolutionGuid = {8B28A36D-4D40-4C05-9A14-549E136714CD}
	EndGlobalSection
EndGlobal
